
Microsoft Visual Studio Solution File, Format Version 12.00
# Visual Studio 15
VisualStudioVersion = 15.0.26430.6
MinimumVisualStudioVersion = 10.0.40219.1
Project("{FAE04EC0-301F-11D3-BF4B-00C04F79EFBC}") = "G1ANT.Addon.Ocr.AbbyyFineReader", "G1ANT.Addon.Ocr.AbbyyFineReader\G1ANT.Addon.Ocr.AbbyyFineReader.csproj", "{FF05A155-C4AB-4B5F-A4ED-0FB0D2B94EF9}"
EndProject
Project("{FAE04EC0-301F-11D3-BF4B-00C04F79EFBC}") = "G1ANT.Addon.Ocr.AbbyyFineReader.Tests", "G1ANT.Addon.Ocr.AbbyyFineReader.Tests\G1ANT.Addon.Ocr.AbbyyFineReader.Tests.csproj", "{B748C68E-D446-4659-AB58-B995EB075BD5}"
EndProject
Global
	GlobalSection(SolutionConfigurationPlatforms) = preSolution
		AutomatedDebug|Any CPU = AutomatedDebug|Any CPU
		Debug (.Net 4.0)|Any CPU = Debug (.Net 4.0)|Any CPU
		Debug|Any CPU = Debug|Any CPU
		Release (.Net 4.0)|Any CPU = Release (.Net 4.0)|Any CPU
		Release|Any CPU = Release|Any CPU
	EndGlobalSection
	GlobalSection(ProjectConfigurationPlatforms) = postSolution
		{FF05A155-C4AB-4B5F-A4ED-0FB0D2B94EF9}.AutomatedDebug|Any CPU.ActiveCfg = Debug|Any CPU
		{FF05A155-C4AB-4B5F-A4ED-0FB0D2B94EF9}.AutomatedDebug|Any CPU.Build.0 = Debug|Any CPU
		{FF05A155-C4AB-4B5F-A4ED-0FB0D2B94EF9}.Debug (.Net 4.0)|Any CPU.ActiveCfg = Debug|Any CPU
		{FF05A155-C4AB-4B5F-A4ED-0FB0D2B94EF9}.Debug (.Net 4.0)|Any CPU.Build.0 = Debug|Any CPU
		{FF05A155-C4AB-4B5F-A4ED-0FB0D2B94EF9}.Debug|Any CPU.ActiveCfg = Debug|Any CPU
		{FF05A155-C4AB-4B5F-A4ED-0FB0D2B94EF9}.Debug|Any CPU.Build.0 = Debug|Any CPU
		{FF05A155-C4AB-4B5F-A4ED-0FB0D2B94EF9}.Release (.Net 4.0)|Any CPU.ActiveCfg = Release|Any CPU
		{FF05A155-C4AB-4B5F-A4ED-0FB0D2B94EF9}.Release (.Net 4.0)|Any CPU.Build.0 = Release|Any CPU
		{FF05A155-C4AB-4B5F-A4ED-0FB0D2B94EF9}.Release|Any CPU.ActiveCfg = Release|Any CPU
		{FF05A155-C4AB-4B5F-A4ED-0FB0D2B94EF9}.Release|Any CPU.Build.0 = Release|Any CPU
		{B748C68E-D446-4659-AB58-B995EB075BD5}.AutomatedDebug|Any CPU.ActiveCfg = Debug|Any CPU
		{B748C68E-D446-4659-AB58-B995EB075BD5}.AutomatedDebug|Any CPU.Build.0 = Debug|Any CPU
		{B748C68E-D446-4659-AB58-B995EB075BD5}.Debug (.Net 4.0)|Any CPU.ActiveCfg = Debug|Any CPU
		{B748C68E-D446-4659-AB58-B995EB075BD5}.Debug (.Net 4.0)|Any CPU.Build.0 = Debug|Any CPU
		{B748C68E-D446-4659-AB58-B995EB075BD5}.Debug|Any CPU.ActiveCfg = Debug|Any CPU
		{B748C68E-D446-4659-AB58-B995EB075BD5}.Debug|Any CPU.Build.0 = Debug|Any CPU
		{B748C68E-D446-4659-AB58-B995EB075BD5}.Release (.Net 4.0)|Any CPU.ActiveCfg = Release|Any CPU
		{B748C68E-D446-4659-AB58-B995EB075BD5}.Release (.Net 4.0)|Any CPU.Build.0 = Release|Any CPU
		{B748C68E-D446-4659-AB58-B995EB075BD5}.Release|Any CPU.ActiveCfg = Release|Any CPU
		{B748C68E-D446-4659-AB58-B995EB075BD5}.Release|Any CPU.Build.0 = Release|Any CPU
	EndGlobalSection
	GlobalSection(SolutionProperties) = preSolution
		HideSolutionNode = FALSE
	EndGlobalSection
	GlobalSection(ExtensibilityGlobals) = postSolution
		SolutionGuid = {26D1A627-AA6A-444B-956E-FA70B6D3CAB1}
	EndGlobalSection
EndGlobal
